
Microsoft Visual Studio Solution File, Format Version 12.00
# Visual Studio Version 17
VisualStudioVersion = 17.10.35004.147
MinimumVisualStudioVersion = 10.0.40219.1
Project("{FAE04EC0-301F-11D3-BF4B-00C04F79EFBC}") = "Flashcards.Wolfieeex", "Flashcards.Wolfieeex\Flashcards.Wolfieeex.csproj", "{066DFC09-6628-4AE0-8CC6-B3A596B6E910}"
EndProject
Global
	GlobalSection(SolutionConfigurationPlatforms) = preSolution
		Debug|Any CPU = Debug|Any CPU
		Release|Any CPU = Release|Any CPU
	EndGlobalSection
	GlobalSection(ProjectConfigurationPlatforms) = postSolution
		{066DFC09-6628-4AE0-8CC6-B3A596B6E910}.Debug|Any CPU.ActiveCfg = Debug|Any CPU
		{066DFC09-6628-4AE0-8CC6-B3A596B6E910}.Debug|Any CPU.Build.0 = Debug|Any CPU
		{066DFC09-6628-4AE0-8CC6-B3A596B6E910}.Release|Any CPU.ActiveCfg = Release|Any CPU
		{066DFC09-6628-4AE0-8CC6-B3A596B6E910}.Release|Any CPU.Build.0 = Release|Any CPU
	EndGlobalSection
	GlobalSection(SolutionProperties) = preSolution
		HideSolutionNode = FALSE
	EndGlobalSection
	GlobalSection(ExtensibilityGlobals) = postSolution
		SolutionGuid = {EA050996-0DF3-482F-9778-57579ABF46E0}
	EndGlobalSection
EndGlobal
